
Microsoft Visual Studio Solution File, Format Version 10.00
# Visual Studio 2008
Project("{8BC9CEB8-8B4A-11D0-8D11-00A0C91BC942}") = "ABBoard", "ABBoard\ABBoard.vcproj", "{F027A984-7C6F-4A77-8A1B-D321692BB8BF}"
EndProject
Global
	GlobalSection(SolutionConfigurationPlatforms) = preSolution
		Debug|Win32 = Debug|Win32
		Release|Win32 = Release|Win32
	EndGlobalSection
	GlobalSection(ProjectConfigurationPlatforms) = postSolution
		{F027A984-7C6F-4A77-8A1B-D321692BB8BF}.Debug|Win32.ActiveCfg = Debug|Win32
		{F027A984-7C6F-4A77-8A1B-D321692BB8BF}.Debug|Win32.Build.0 = Debug|Win32
		{F027A984-7C6F-4A77-8A1B-D321692BB8BF}.Release|Win32.ActiveCfg = Release|Win32
		{F027A984-7C6F-4A77-8A1B-D321692BB8BF}.Release|Win32.Build.0 = Release|Win32
	EndGlobalSection
	GlobalSection(SolutionProperties) = preSolution
		HideSolutionNode = FALSE
	EndGlobalSection
EndGlobal
