
Microsoft Visual Studio Solution File, Format Version 10.00
# Visual Studio 2008
Project("{8BC9CEB8-8B4A-11D0-8D11-00A0C91BC942}") = "ABDataStruct", "ABDataStruct\ABDataStruct.vcproj", "{D6BF8986-FCD3-4C04-8A33-ABC96A8F7DD8}"
EndProject
Global
	GlobalSection(SolutionConfigurationPlatforms) = preSolution
		Debug|Win32 = Debug|Win32
		Release|Win32 = Release|Win32
	EndGlobalSection
	GlobalSection(ProjectConfigurationPlatforms) = postSolution
		{D6BF8986-FCD3-4C04-8A33-ABC96A8F7DD8}.Debug|Win32.ActiveCfg = Debug|Win32
		{D6BF8986-FCD3-4C04-8A33-ABC96A8F7DD8}.Debug|Win32.Build.0 = Debug|Win32
		{D6BF8986-FCD3-4C04-8A33-ABC96A8F7DD8}.Release|Win32.ActiveCfg = Release|Win32
		{D6BF8986-FCD3-4C04-8A33-ABC96A8F7DD8}.Release|Win32.Build.0 = Release|Win32
	EndGlobalSection
	GlobalSection(SolutionProperties) = preSolution
		HideSolutionNode = FALSE
	EndGlobalSection
EndGlobal
